{
  "name": "middleware-composer",
  "version": "1.0.3",
  "lockfileVersion": 2,
  "requires": true,
  "packages": {
    "": {
      "name": "middleware-composer",
      "version": "1.0.3",
      "license": "MIT License",
      "dependencies": {
        "ts-pipe-compose": "^0.2.1"
      },
      "engines": {
        "node": ">=12"
      }
    },
    "node_modules/ts-pipe-compose": {
      "version": "0.2.1",
      "resolved": "https://registry.npmjs.org/ts-pipe-compose/-/ts-pipe-compose-0.2.1.tgz",
      "integrity": "sha512-gf6ZldcfCDyNXPRiW3lQjEP1Z9rrUM/4Cn7BZbv3SdTA82zxWRP8OmLwvGR974uuENhGCFgFdN11z3n1Ofpprg==",
      "engines": {
        "node": ">= 8.9.0"
      }
    }
  },
  "dependencies": {
    "ts-pipe-compose": {
      "version": "0.2.1",
      "resolved": "https://registry.npmjs.org/ts-pipe-compose/-/ts-pipe-compose-0.2.1.tgz",
      "integrity": "sha512-gf6ZldcfCDyNXPRiW3lQjEP1Z9rrUM/4Cn7BZbv3SdTA82zxWRP8OmLwvGR974uuENhGCFgFdN11z3n1Ofpprg=="
    }
  }
}
