{
  "name": "middleware-composer",
  "version": "1.0.0",
  "lockfileVersion": 1,
  "requires": true,
  "dependencies": {
    "ts-pipe-compose": {
      "version": "0.2.1",
      "resolved": "https://registry.npmjs.org/ts-pipe-compose/-/ts-pipe-compose-0.2.1.tgz",
      "integrity": "sha512-gf6ZldcfCDyNXPRiW3lQjEP1Z9rrUM/4Cn7BZbv3SdTA82zxWRP8OmLwvGR974uuENhGCFgFdN11z3n1Ofpprg=="
    }
  }
}
